
Microsoft Visual Studio Solution File, Format Version 12.00
# Visual Studio Version 16
VisualStudioVersion = 16.0.30907.101
MinimumVisualStudioVersion = 10.0.40219.1
Project("{FAE04EC0-301F-11D3-BF4B-00C04F79EFBC}") = "CassandraProj", "CassandraProj\CassandraProj.csproj", "{3CA74EE2-FAED-4104-91C7-2470C817621C}"
EndProject
Global
	GlobalSection(SolutionConfigurationPlatforms) = preSolution
		Debug|Any CPU = Debug|Any CPU
		Release|Any CPU = Release|Any CPU
	EndGlobalSection
	GlobalSection(ProjectConfigurationPlatforms) = postSolution
		{3CA74EE2-FAED-4104-91C7-2470C817621C}.Debug|Any CPU.ActiveCfg = Debug|Any CPU
		{3CA74EE2-FAED-4104-91C7-2470C817621C}.Debug|Any CPU.Build.0 = Debug|Any CPU
		{3CA74EE2-FAED-4104-91C7-2470C817621C}.Release|Any CPU.ActiveCfg = Release|Any CPU
		{3CA74EE2-FAED-4104-91C7-2470C817621C}.Release|Any CPU.Build.0 = Release|Any CPU
	EndGlobalSection
	GlobalSection(SolutionProperties) = preSolution
		HideSolutionNode = FALSE
	EndGlobalSection
	GlobalSection(ExtensibilityGlobals) = postSolution
		SolutionGuid = {50915D59-0602-46DB-BF53-1A4273A36F05}
	EndGlobalSection
EndGlobal
